
Microsoft Visual Studio Solution File, Format Version 12.00
# Visual Studio Version 17
VisualStudioVersion = 17.14.37411.7 d17.14
MinimumVisualStudioVersion = 10.0.40219.1
Project("{FAE04EC0-301F-11D3-BF4B-00C04F79EFBC}") = "QuickVote", "QuickVote.csproj", "{5C01CCC6-6147-48CE-9DBA-EEC3EB46DEAB}"
EndProject
Global
	GlobalSection(SolutionConfigurationPlatforms) = preSolution
		Debug|Any CPU = Debug|Any CPU
		Release|Any CPU = Release|Any CPU
	EndGlobalSection
	GlobalSection(ProjectConfigurationPlatforms) = postSolution
		{5C01CCC6-6147-48CE-9DBA-EEC3EB46DEAB}.Debug|Any CPU.ActiveCfg = Debug|Any CPU
		{5C01CCC6-6147-48CE-9DBA-EEC3EB46DEAB}.Debug|Any CPU.Build.0 = Debug|Any CPU
		{5C01CCC6-6147-48CE-9DBA-EEC3EB46DEAB}.Release|Any CPU.ActiveCfg = Release|Any CPU
		{5C01CCC6-6147-48CE-9DBA-EEC3EB46DEAB}.Release|Any CPU.Build.0 = Release|Any CPU
	EndGlobalSection
	GlobalSection(SolutionProperties) = preSolution
		HideSolutionNode = FALSE
	EndGlobalSection
	GlobalSection(ExtensibilityGlobals) = postSolution
		SolutionGuid = {499BAC2D-2429-4D31-8AED-4C50AC98161C}
	EndGlobalSection
EndGlobal
